
Microsoft Visual Studio Solution File, Format Version 12.00
# Visual Studio 2017
Project("{FAE04EC0-301F-11D3-BF4B-00C04F79EFBC}") = "MediaPlaybackUnity", "MediaPlaybackUnity.csproj", "{AA69C1D9-E729-62CD-63AD-AA5C2361CB78}"
EndProject
Global
	GlobalSection(SolutionConfigurationPlatforms) = preSolution
		Debug|Any CPU = Debug|Any CPU
		Release|Any CPU = Release|Any CPU
	EndGlobalSection
	GlobalSection(ProjectConfigurationPlatforms) = postSolution
		{AA69C1D9-E729-62CD-63AD-AA5C2361CB78}.Debug|Any CPU.ActiveCfg = Debug|Any CPU
		{AA69C1D9-E729-62CD-63AD-AA5C2361CB78}.Debug|Any CPU.Build.0 = Debug|Any CPU
		{AA69C1D9-E729-62CD-63AD-AA5C2361CB78}.Release|Any CPU.ActiveCfg = Release|Any CPU
		{AA69C1D9-E729-62CD-63AD-AA5C2361CB78}.Release|Any CPU.Build.0 = Release|Any CPU
	EndGlobalSection
	GlobalSection(SolutionProperties) = preSolution
		HideSolutionNode = FALSE
	EndGlobalSection
EndGlobal
