Microsoft Visual Studio Solution File, Format Version 12.00
# Visual Studio 15
VisualStudioVersion = 15.0.26430.16
MinimumVisualStudioVersion = 10.0.40219.1
Project("{8BC9CEB8-8B4A-11D0-8D11-00A0C91BC942}") = "UWP", "UWP\UWP.vcxproj", "{4A859119-6730-4612-987F-DABF98F213ED}"
EndProject
Project("{8BC9CEB8-8B4A-11D0-8D11-00A0C91BC942}") = "Desktop", "Desktop\Desktop.vcxproj", "{E0656E50-00DD-4E56-9207-A415F7AB1F41}"
EndProject
Project("{8BC9CEB8-8B4A-11D0-8D11-00A0C91BC942}") = "Shared", "Shared\Shared.vcxitems", "{FE4A5965-EC67-4F68-B11D-6608906EF016}"
EndProject
Project("{8BC9CEB8-8B4A-11D0-8D11-00A0C91BC942}") = "Launcher", "Launcher\Launcher.vcxproj", "{A0794987-78D5-4435-8BD7-B414F461CFAB}"
EndProject
Project("{2150E333-8FDC-42A3-9474-1A3956D46DE8}") = "UnityAddonFiles", "UnityAddonFiles", "{880F0E63-8845-4579-B883-A77D1B4AF986}"
EndProject
Project("{2150E333-8FDC-42A3-9474-1A3956D46DE8}") = "MediaPlayer", "MediaPlayer", "{12A77DDC-29AA-4485-8AFB-43D59B12370E}"
	ProjectSection(SolutionItems) = preProject
		Unity\MediaPlayback\Assets\Addons\MediaPlayer\MediaItemsUI.cs = Unity\MediaPlayback\Assets\Addons\MediaPlayer\MediaItemsUI.cs
		Unity\MediaPlayback\Assets\Addons\MediaPlayer\Playback.cs = Unity\MediaPlayback\Assets\Addons\MediaPlayer\Playback.cs
		Unity\MediaPlayback\Assets\Addons\MediaPlayer\PlayReadyLicenseHandler.cs = Unity\MediaPlayback\Assets\Addons\MediaPlayer\PlayReadyLicenseHandler.cs
		Unity\MediaPlayback\Assets\Addons\MediaPlayer\PlayReadyUtils.cs = Unity\MediaPlayback\Assets\Addons\MediaPlayer\PlayReadyUtils.cs
		Unity\MediaPlayback\Assets\Addons\MediaPlayer\States.cs = Unity\MediaPlayback\Assets\Addons\MediaPlayer\States.cs
	EndProjectSection
EndProject
Global
	GlobalSection(SharedMSBuildProjectFiles) = preSolution
		Shared\Shared.vcxitems*{4a859119-6730-4612-987f-dabf98f213ed}*SharedItemsImports = 4
		Shared\Shared.vcxitems*{e0656e50-00dd-4e56-9207-a415f7ab1f41}*SharedItemsImports = 4
		Shared\Shared.vcxitems*{fe4a5965-ec67-4f68-b11d-6608906ef016}*SharedItemsImports = 9
	EndGlobalSection
	GlobalSection(SolutionConfigurationPlatforms) = preSolution
		Debug|x64 = Debug|x64
		Debug|x86 = Debug|x86
		Release|x64 = Release|x64
		Release|x86 = Release|x86
	EndGlobalSection
	GlobalSection(ProjectConfigurationPlatforms) = postSolution
		{4A859119-6730-4612-987F-DABF98F213ED}.Debug|x64.ActiveCfg = Debug|x64
		{4A859119-6730-4612-987F-DABF98F213ED}.Debug|x64.Build.0 = Debug|x64
		{4A859119-6730-4612-987F-DABF98F213ED}.Debug|x86.ActiveCfg = Debug|Win32
		{4A859119-6730-4612-987F-DABF98F213ED}.Debug|x86.Build.0 = Debug|Win32
		{4A859119-6730-4612-987F-DABF98F213ED}.Release|x64.ActiveCfg = Release|x64
		{4A859119-6730-4612-987F-DABF98F213ED}.Release|x64.Build.0 = Release|x64
		{4A859119-6730-4612-987F-DABF98F213ED}.Release|x86.ActiveCfg = Release|Win32
		{4A859119-6730-4612-987F-DABF98F213ED}.Release|x86.Build.0 = Release|Win32
		{E0656E50-00DD-4E56-9207-A415F7AB1F41}.Debug|x64.ActiveCfg = Debug|x64
		{E0656E50-00DD-4E56-9207-A415F7AB1F41}.Debug|x64.Build.0 = Debug|x64
		{E0656E50-00DD-4E56-9207-A415F7AB1F41}.Debug|x86.ActiveCfg = Debug|Win32
		{E0656E50-00DD-4E56-9207-A415F7AB1F41}.Debug|x86.Build.0 = Debug|Win32
		{E0656E50-00DD-4E56-9207-A415F7AB1F41}.Release|x64.ActiveCfg = Release|x64
		{E0656E50-00DD-4E56-9207-A415F7AB1F41}.Release|x64.Build.0 = Release|x64
		{E0656E50-00DD-4E56-9207-A415F7AB1F41}.Release|x86.ActiveCfg = Release|Win32
		{E0656E50-00DD-4E56-9207-A415F7AB1F41}.Release|x86.Build.0 = Release|Win32
		{A0794987-78D5-4435-8BD7-B414F461CFAB}.Debug|x64.ActiveCfg = Debug|x64
		{A0794987-78D5-4435-8BD7-B414F461CFAB}.Debug|x64.Build.0 = Debug|x64
		{A0794987-78D5-4435-8BD7-B414F461CFAB}.Debug|x86.ActiveCfg = Debug|Win32
		{A0794987-78D5-4435-8BD7-B414F461CFAB}.Debug|x86.Build.0 = Debug|Win32
		{A0794987-78D5-4435-8BD7-B414F461CFAB}.Release|x64.ActiveCfg = Release|x64
		{A0794987-78D5-4435-8BD7-B414F461CFAB}.Release|x64.Build.0 = Release|x64
		{A0794987-78D5-4435-8BD7-B414F461CFAB}.Release|x86.ActiveCfg = Release|Win32
		{A0794987-78D5-4435-8BD7-B414F461CFAB}.Release|x86.Build.0 = Release|Win32
	EndGlobalSection
	GlobalSection(SolutionProperties) = preSolution
		HideSolutionNode = FALSE
	EndGlobalSection
	GlobalSection(NestedProjects) = preSolution
		{12A77DDC-29AA-4485-8AFB-43D59B12370E} = {880F0E63-8845-4579-B883-A77D1B4AF986}
	EndGlobalSection
EndGlobal
