<?xml version="1.0" encoding="utf-8"?>
<Project ToolsVersion="4.0" xmlns="http://schemas.microsoft.com/developer/msbuild/2003">
  <ItemGroup>
    <Filter Include="Unity">
      <UniqueIdentifier>{731ff1bd-ba9d-4341-8f7e-aed57bc4dd54}</UniqueIdentifier>
    </Filter>
    <Filter Include="FFmpegInterop">
      <UniqueIdentifier>{0cc04060-db0d-4357-a813-01c9489d059e}</UniqueIdentifier>
    </Filter>
  </ItemGroup>
  <ItemGroup>
    <ClInclude Include="$(MSBuildThisFileDirectory)pch.h" />
    <ClInclude Include="$(MSBuildThisFileDirectory)targetver.h" />
    <ClInclude Include="$(MSBuildThisFileDirectory)FFMpegInterop\FFmpegInteropMSS.h">
      <Filter>FFmpegInterop</Filter>
    </ClInclude>
    <ClInclude Include="$(MSBuildThisFileDirectory)FFMpegInterop\FFmpegReader.h">
      <Filter>FFmpegInterop</Filter>
    </ClInclude>
    <ClInclude Include="$(MSBuildThisFileDirectory)FFMpegInterop\H264AVCSampleProvider.h">
      <Filter>FFmpegInterop</Filter>
    </ClInclude>
    <ClInclude Include="$(MSBuildThisFileDirectory)FFMpegInterop\H264SampleProvider.h">
      <Filter>FFmpegInterop</Filter>
    </ClInclude>
    <ClInclude Include="$(MSBuildThisFileDirectory)Unity\IUnityGraphics.h">
      <Filter>Unity</Filter>
    </ClInclude>
    <ClInclude Include="$(MSBuildThisFileDirectory)Unity\IUnityGraphicsD3D9.h">
      <Filter>Unity</Filter>
    </ClInclude>
    <ClInclude Include="$(MSBuildThisFileDirectory)Unity\IUnityGraphicsD3D11.h">
      <Filter>Unity</Filter>
    </ClInclude>
    <ClInclude Include="$(MSBuildThisFileDirectory)Unity\IUnityGraphicsD3D12.h">
      <Filter>Unity</Filter>
    </ClInclude>
    <ClInclude Include="$(MSBuildThisFileDirectory)Unity\IUnityGraphicsMetal.h">
      <Filter>Unity</Filter>
    </ClInclude>
    <ClInclude Include="$(MSBuildThisFileDirectory)Unity\IUnityInterface.h">
      <Filter>Unity</Filter>
    </ClInclude>
    <ClInclude Include="$(MSBuildThisFileDirectory)FFMpegInterop\MediaSampleProvider.h">
      <Filter>FFmpegInterop</Filter>
    </ClInclude>
    <ClInclude Include="$(MSBuildThisFileDirectory)FFMpegInterop\UncompressedAudioSampleProvider.h">
      <Filter>FFmpegInterop</Filter>
    </ClInclude>
    <ClInclude Include="$(MSBuildThisFileDirectory)FFMpegInterop\UncompressedSampleProvider.h">
      <Filter>FFmpegInterop</Filter>
    </ClInclude>
    <ClInclude Include="$(MSBuildThisFileDirectory)FFMpegInterop\UncompressedVideoSampleProvider.h">
      <Filter>FFmpegInterop</Filter>
    </ClInclude>
    <ClInclude Include="$(MSBuildThisFileDirectory)Unity\PlatformBase.h">
      <Filter>Unity</Filter>
    </ClInclude>
    <ClInclude Include="$(MSBuildThisFileDirectory)MediaPlayerPlayback.h" />
    <ClInclude Include="$(MSBuildThisFileDirectory)MediaHelpers.h" />
  </ItemGroup>
  <ItemGroup>
    <ClCompile Include="$(MSBuildThisFileDirectory)pch.cpp" />
    <ClCompile Include="$(MSBuildThisFileDirectory)dllmain.cpp" />
    <ClCompile Include="$(MSBuildThisFileDirectory)FFMpegInterop\FFmpegInteropMSS.cpp">
      <Filter>FFmpegInterop</Filter>
    </ClCompile>
    <ClCompile Include="$(MSBuildThisFileDirectory)FFMpegInterop\FFmpegReader.cpp">
      <Filter>FFmpegInterop</Filter>
    </ClCompile>
    <ClCompile Include="$(MSBuildThisFileDirectory)FFMpegInterop\H264AVCSampleProvider.cpp">
      <Filter>FFmpegInterop</Filter>
    </ClCompile>
    <ClCompile Include="$(MSBuildThisFileDirectory)FFMpegInterop\H264SampleProvider.cpp">
      <Filter>FFmpegInterop</Filter>
    </ClCompile>
    <ClCompile Include="$(MSBuildThisFileDirectory)FFMpegInterop\MediaSampleProvider.cpp">
      <Filter>FFmpegInterop</Filter>
    </ClCompile>
    <ClCompile Include="$(MSBuildThisFileDirectory)FFMpegInterop\UncompressedAudioSampleProvider.cpp">
      <Filter>FFmpegInterop</Filter>
    </ClCompile>
    <ClCompile Include="$(MSBuildThisFileDirectory)FFMpegInterop\UncompressedSampleProvider.cpp">
      <Filter>FFmpegInterop</Filter>
    </ClCompile>
    <ClCompile Include="$(MSBuildThisFileDirectory)FFMpegInterop\UncompressedVideoSampleProvider.cpp">
      <Filter>FFmpegInterop</Filter>
    </ClCompile>
    <ClCompile Include="$(MSBuildThisFileDirectory)MediaPlayerPlayback.cpp" />
    <ClCompile Include="$(MSBuildThisFileDirectory)MediaHelpers.cpp" />
  </ItemGroup>
</Project>